
Microsoft Visual Studio Solution File, Format Version 12.00
# Visual Studio Version 17
VisualStudioVersion = 17.13.35931.197 d17.13
MinimumVisualStudioVersion = 10.0.40219.1
Project("{FAE04EC0-301F-11D3-BF4B-00C04F79EFBC}") = "UI", "UI.csproj", "{FA8C56AD-B750-4221-9C79-974EAC325765}"
EndProject
Project("{FAE04EC0-301F-11D3-BF4B-00C04F79EFBC}") = "BLL", "..\BLL\BLL.csproj", "{476ACE68-6D25-4658-A191-E91896CD6AAF}"
EndProject
Project("{FAE04EC0-301F-11D3-BF4B-00C04F79EFBC}") = "DAL", "..\DAL\DAL.csproj", "{83113F93-7DF9-4368-A5C5-55D11C2F6208}"
	ProjectSection(ProjectDependencies) = postProject
		{476ACE68-6D25-4658-A191-E91896CD6AAF} = {476ACE68-6D25-4658-A191-E91896CD6AAF}
	EndProjectSection
EndProject
Global
	GlobalSection(SolutionConfigurationPlatforms) = preSolution
		Debug|Any CPU = Debug|Any CPU
		Release|Any CPU = Release|Any CPU
	EndGlobalSection
	GlobalSection(ProjectConfigurationPlatforms) = postSolution
		{FA8C56AD-B750-4221-9C79-974EAC325765}.Debug|Any CPU.ActiveCfg = Debug|Any CPU
		{FA8C56AD-B750-4221-9C79-974EAC325765}.Debug|Any CPU.Build.0 = Debug|Any CPU
		{FA8C56AD-B750-4221-9C79-974EAC325765}.Release|Any CPU.ActiveCfg = Release|Any CPU
		{FA8C56AD-B750-4221-9C79-974EAC325765}.Release|Any CPU.Build.0 = Release|Any CPU
		{476ACE68-6D25-4658-A191-E91896CD6AAF}.Debug|Any CPU.ActiveCfg = Debug|Any CPU
		{476ACE68-6D25-4658-A191-E91896CD6AAF}.Debug|Any CPU.Build.0 = Debug|Any CPU
		{476ACE68-6D25-4658-A191-E91896CD6AAF}.Release|Any CPU.ActiveCfg = Release|Any CPU
		{476ACE68-6D25-4658-A191-E91896CD6AAF}.Release|Any CPU.Build.0 = Release|Any CPU
		{83113F93-7DF9-4368-A5C5-55D11C2F6208}.Debug|Any CPU.ActiveCfg = Debug|Any CPU
		{83113F93-7DF9-4368-A5C5-55D11C2F6208}.Debug|Any CPU.Build.0 = Debug|Any CPU
		{83113F93-7DF9-4368-A5C5-55D11C2F6208}.Release|Any CPU.ActiveCfg = Release|Any CPU
		{83113F93-7DF9-4368-A5C5-55D11C2F6208}.Release|Any CPU.Build.0 = Release|Any CPU
	EndGlobalSection
	GlobalSection(SolutionProperties) = preSolution
		HideSolutionNode = FALSE
	EndGlobalSection
	GlobalSection(ExtensibilityGlobals) = postSolution
		SolutionGuid = {66D45E06-F788-4CF0-B0D2-51548902AAB9}
	EndGlobalSection
EndGlobal
